// !$*UTF8*$!
{
	archiveVersion = 1;
	classes = {
	};
	objectVersion = 55;
	objects = {

/* Begin PBXBuildFile section */
		F3DB4C2928A4741F00B954A0 /* InspoBoardFirebaseApp.swift in Sources */ = {isa = PBXBuildFile; fileRef = F3DB4C2828A4741F00B954A0 /* InspoBoardFirebaseApp.swift */; };
		F3DB4C2B28A4741F00B954A0 /* ContentView.swift in Sources */ = {isa = PBXBuildFile; fileRef = F3DB4C2A28A4741F00B954A0 /* ContentView.swift */; };
		F3DB4C2D28A4742200B954A0 /* Assets.xcassets in Resources */ = {isa = PBXBuildFile; fileRef = F3DB4C2C28A4742200B954A0 /* Assets.xcassets */; };
		F3DB4C3028A4742200B954A0 /* Preview Assets.xcassets in Resources */ = {isa = PBXBuildFile; fileRef = F3DB4C2F28A4742200B954A0 /* Preview Assets.xcassets */; };
		F3DB4C3728A4744400B954A0 /* GoogleService-Info.plist in Resources */ = {isa = PBXBuildFile; fileRef = F3DB4C3628A4744400B954A0 /* GoogleService-Info.plist */; };
		F3DB4C3A28A4749100B954A0 /* FirebaseAuth in Frameworks */ = {isa = PBXBuildFile; productRef = F3DB4C3928A4749100B954A0 /* FirebaseAuth */; };
		F3DB4C3C28A4749100B954A0 /* FirebaseFirestore in Frameworks */ = {isa = PBXBuildFile; productRef = F3DB4C3B28A4749100B954A0 /* FirebaseFirestore */; };
		F3DB4C3E28A4749100B954A0 /* FirebaseFirestoreSwift in Frameworks */ = {isa = PBXBuildFile; productRef = F3DB4C3D28A4749100B954A0 /* FirebaseFirestoreSwift */; };
		F3DB4C4228A4758B00B954A0 /* Board.swift in Sources */ = {isa = PBXBuildFile; fileRef = F3DB4C4028A4758B00B954A0 /* Board.swift */; };
		F3DB4C4528A47A7800B954A0 /* Owner.swift in Sources */ = {isa = PBXBuildFile; fileRef = F3DB4C4428A47A7800B954A0 /* Owner.swift */; };
		F3DB4C4828A47BD900B954A0 /* BoardsManager.swift in Sources */ = {isa = PBXBuildFile; fileRef = F3DB4C4728A47BD900B954A0 /* BoardsManager.swift */; };
/* End PBXBuildFile section */

/* Begin PBXFileReference section */
		F3DB4C2528A4741F00B954A0 /* InspoBoardFirebase.app */ = {isa = PBXFileReference; explicitFileType = wrapper.application; includeInIndex = 0; path = InspoBoardFirebase.app; sourceTree = BUILT_PRODUCTS_DIR; };
		F3DB4C2828A4741F00B954A0 /* InspoBoardFirebaseApp.swift */ = {isa = PBXFileReference; lastKnownFileType = sourcecode.swift; path = InspoBoardFirebaseApp.swift; sourceTree = "<group>"; };
		F3DB4C2A28A4741F00B954A0 /* ContentView.swift */ = {isa = PBXFileReference; lastKnownFileType = sourcecode.swift; path = ContentView.swift; sourceTree = "<group>"; };
		F3DB4C2C28A4742200B954A0 /* Assets.xcassets */ = {isa = PBXFileReference; lastKnownFileType = folder.assetcatalog; path = Assets.xcassets; sourceTree = "<group>"; };
		F3DB4C2F28A4742200B954A0 /* Preview Assets.xcassets */ = {isa = PBXFileReference; lastKnownFileType = folder.assetcatalog; path = "Preview Assets.xcassets"; sourceTree = "<group>"; };
		F3DB4C3628A4744400B954A0 /* GoogleService-Info.plist */ = {isa = PBXFileReference; fileEncoding = 4; lastKnownFileType = text.plist.xml; path = "GoogleService-Info.plist"; sourceTree = "<group>"; };
		F3DB4C4028A4758B00B954A0 /* Board.swift */ = {isa = PBXFileReference; fileEncoding = 4; lastKnownFileType = sourcecode.swift; path = Board.swift; sourceTree = "<group>"; };
		F3DB4C4428A47A7800B954A0 /* Owner.swift */ = {isa = PBXFileReference; lastKnownFileType = sourcecode.swift; path = Owner.swift; sourceTree = "<group>"; };
		F3DB4C4728A47BD900B954A0 /* BoardsManager.swift */ = {isa = PBXFileReference; lastKnownFileType = sourcecode.swift; path = BoardsManager.swift; sourceTree = "<group>"; };
/* End PBXFileReference section */

/* Begin PBXFrameworksBuildPhase section */
		F3DB4C2228A4741F00B954A0 /* Frameworks */ = {
			isa = PBXFrameworksBuildPhase;
			buildActionMask = 2147483647;
			files = (
				F3DB4C3A28A4749100B954A0 /* FirebaseAuth in Frameworks */,
				F3DB4C3C28A4749100B954A0 /* FirebaseFirestore in Frameworks */,
				F3DB4C3E28A4749100B954A0 /* FirebaseFirestoreSwift in Frameworks */,
			);
			runOnlyForDeploymentPostprocessing = 0;
		};
/* End PBXFrameworksBuildPhase section */

/* Begin PBXGroup section */
		F3DB4C1C28A4741F00B954A0 = {
			isa = PBXGroup;
			children = (
				F3DB4C2728A4741F00B954A0 /* InspoBoardFirebase */,
				F3DB4C2628A4741F00B954A0 /* Products */,
			);
			sourceTree = "<group>";
		};
		F3DB4C2628A4741F00B954A0 /* Products */ = {
			isa = PBXGroup;
			children = (
				F3DB4C2528A4741F00B954A0 /* InspoBoardFirebase.app */,
			);
			name = Products;
			sourceTree = "<group>";
		};
		F3DB4C2728A4741F00B954A0 /* InspoBoardFirebase */ = {
			isa = PBXGroup;
			children = (
				F3DB4C4628A47BA700B954A0 /* Managers */,
				F3DB4C3F28A4756400B954A0 /* Models */,
				F3DB4C3628A4744400B954A0 /* GoogleService-Info.plist */,
				F3DB4C2828A4741F00B954A0 /* InspoBoardFirebaseApp.swift */,
				F3DB4C2A28A4741F00B954A0 /* ContentView.swift */,
				F3DB4C2C28A4742200B954A0 /* Assets.xcassets */,
				F3DB4C2E28A4742200B954A0 /* Preview Content */,
			);
			path = InspoBoardFirebase;
			sourceTree = "<group>";
		};
		F3DB4C2E28A4742200B954A0 /* Preview Content */ = {
			isa = PBXGroup;
			children = (
				F3DB4C2F28A4742200B954A0 /* Preview Assets.xcassets */,
			);
			path = "Preview Content";
			sourceTree = "<group>";
		};
		F3DB4C3F28A4756400B954A0 /* Models */ = {
			isa = PBXGroup;
			children = (
				F3DB4C4028A4758B00B954A0 /* Board.swift */,
				F3DB4C4428A47A7800B954A0 /* Owner.swift */,
			);
			path = Models;
			sourceTree = "<group>";
		};
		F3DB4C4628A47BA700B954A0 /* Managers */ = {
			isa = PBXGroup;
			children = (
				F3DB4C4728A47BD900B954A0 /* BoardsManager.swift */,
			);
			path = Managers;
			sourceTree = "<group>";
		};
/* End PBXGroup section */

/* Begin PBXNativeTarget section */
		F3DB4C2428A4741F00B954A0 /* InspoBoardFirebase */ = {
			isa = PBXNativeTarget;
			buildConfigurationList = F3DB4C3328A4742200B954A0 /* Build configuration list for PBXNativeTarget "InspoBoardFirebase" */;
			buildPhases = (
				F3DB4C2128A4741F00B954A0 /* Sources */,
				F3DB4C2228A4741F00B954A0 /* Frameworks */,
				F3DB4C2328A4741F00B954A0 /* Resources */,
			);
			buildRules = (
			);
			dependencies = (
			);
			name = InspoBoardFirebase;
			packageProductDependencies = (
				F3DB4C3928A4749100B954A0 /* FirebaseAuth */,
				F3DB4C3B28A4749100B954A0 /* FirebaseFirestore */,
				F3DB4C3D28A4749100B954A0 /* FirebaseFirestoreSwift */,
			);
			productName = InspoBoardFirebase;
			productReference = F3DB4C2528A4741F00B954A0 /* InspoBoardFirebase.app */;
			productType = "com.apple.product-type.application";
		};
/* End PBXNativeTarget section */

/* Begin PBXProject section */
		F3DB4C1D28A4741F00B954A0 /* Project object */ = {
			isa = PBXProject;
			attributes = {
				BuildIndependentTargetsInParallel = 1;
				LastSwiftUpdateCheck = 1340;
				LastUpgradeCheck = 1340;
				TargetAttributes = {
					F3DB4C2428A4741F00B954A0 = {
						CreatedOnToolsVersion = 13.4.1;
					};
				};
			};
			buildConfigurationList = F3DB4C2028A4741F00B954A0 /* Build configuration list for PBXProject "InspoBoardFirebase" */;
			compatibilityVersion = "Xcode 13.0";
			developmentRegion = en;
			hasScannedForEncodings = 0;
			knownRegions = (
				en,
				Base,
			);
			mainGroup = F3DB4C1C28A4741F00B954A0;
			packageReferences = (
				F3DB4C3828A4749100B954A0 /* XCRemoteSwiftPackageReference "firebase-ios-sdk" */,
			);
			productRefGroup = F3DB4C2628A4741F00B954A0 /* Products */;
			projectDirPath = "";
			projectRoot = "";
			targets = (
				F3DB4C2428A4741F00B954A0 /* InspoBoardFirebase */,
			);
		};
/* End PBXProject section */

/* Begin PBXResourcesBuildPhase section */
		F3DB4C2328A4741F00B954A0 /* Resources */ = {
			isa = PBXResourcesBuildPhase;
			buildActionMask = 2147483647;
			files = (
				F3DB4C3028A4742200B954A0 /* Preview Assets.xcassets in Resources */,
				F3DB4C2D28A4742200B954A0 /* Assets.xcassets in Resources */,
				F3DB4C3728A4744400B954A0 /* GoogleService-Info.plist in Resources */,
			);
			runOnlyForDeploymentPostprocessing = 0;
		};
/* End PBXResourcesBuildPhase section */

/* Begin PBXSourcesBuildPhase section */
		F3DB4C2128A4741F00B954A0 /* Sources */ = {
			isa = PBXSourcesBuildPhase;
			buildActionMask = 2147483647;
			files = (
				F3DB4C2B28A4741F00B954A0 /* ContentView.swift in Sources */,
				F3DB4C2928A4741F00B954A0 /* InspoBoardFirebaseApp.swift in Sources */,
				F3DB4C4228A4758B00B954A0 /* Board.swift in Sources */,
				F3DB4C4528A47A7800B954A0 /* Owner.swift in Sources */,
				F3DB4C4828A47BD900B954A0 /* BoardsManager.swift in Sources */,
			);
			runOnlyForDeploymentPostprocessing = 0;
		};
/* End PBXSourcesBuildPhase section */

/* Begin XCBuildConfiguration section */
		F3DB4C3128A4742200B954A0 /* Debug */ = {
			isa = XCBuildConfiguration;
			buildSettings = {
				ALWAYS_SEARCH_USER_PATHS = NO;
				CLANG_ANALYZER_NONNULL = YES;
				CLANG_ANALYZER_NUMBER_OBJECT_CONVERSION = YES_AGGRESSIVE;
				CLANG_CXX_LANGUAGE_STANDARD = "gnu++17";
				CLANG_ENABLE_MODULES = YES;
				CLANG_ENABLE_OBJC_ARC = YES;
				CLANG_ENABLE_OBJC_WEAK = YES;
				CLANG_WARN_BLOCK_CAPTURE_AUTORELEASING = YES;
				CLANG_WARN_BOOL_CONVERSION = YES;
				CLANG_WARN_COMMA = YES;
				CLANG_WARN_CONSTANT_CONVERSION = YES;
				CLANG_WARN_DEPRECATED_OBJC_IMPLEMENTATIONS = YES;
				CLANG_WARN_DIRECT_OBJC_ISA_USAGE = YES_ERROR;
				CLANG_WARN_DOCUMENTATION_COMMENTS = YES;
				CLANG_WARN_EMPTY_BODY = YES;
				CLANG_WARN_ENUM_CONVERSION = YES;
				CLANG_WARN_INFINITE_RECURSION = YES;
				CLANG_WARN_INT_CONVERSION = YES;
				CLANG_WARN_NON_LITERAL_NULL_CONVERSION = YES;
				CLANG_WARN_OBJC_IMPLICIT_RETAIN_SELF = YES;
				CLANG_WARN_OBJC_LITERAL_CONVERSION = YES;
				CLANG_WARN_OBJC_ROOT_CLASS = YES_ERROR;
				CLANG_WARN_QUOTED_INCLUDE_IN_FRAMEWORK_HEADER = YES;
				CLANG_WARN_RANGE_LOOP_ANALYSIS = YES;
				CLANG_WARN_STRICT_PROTOTYPES = YES;
				CLANG_WARN_SUSPICIOUS_MOVE = YES;
				CLANG_WARN_UNGUARDED_AVAILABILITY = YES_AGGRESSIVE;
				CLANG_WARN_UNREACHABLE_CODE = YES;
				CLANG_WARN__DUPLICATE_METHOD_MATCH = YES;
				COPY_PHASE_STRIP = NO;
				DEBUG_INFORMATION_FORMAT = dwarf;
				ENABLE_STRICT_OBJC_MSGSEND = YES;
				ENABLE_TESTABILITY = YES;
				GCC_C_LANGUAGE_STANDARD = gnu11;
				GCC_DYNAMIC_NO_PIC = NO;
				GCC_NO_COMMON_BLOCKS = YES;
				GCC_OPTIMIZATION_LEVEL = 0;
				GCC_PREPROCESSOR_DEFINITIONS = (
					"DEBUG=1",
					"$(inherited)",
				);
				GCC_WARN_64_TO_32_BIT_CONVERSION = YES;
				GCC_WARN_ABOUT_RETURN_TYPE = YES_ERROR;
				GCC_WARN_UNDECLARED_SELECTOR = YES;
				GCC_WARN_UNINITIALIZED_AUTOS = YES_AGGRESSIVE;
				GCC_WARN_UNUSED_FUNCTION = YES;
				GCC_WARN_UNUSED_VARIABLE = YES;
				IPHONEOS_DEPLOYMENT_TARGET = 15.5;
				MTL_ENABLE_DEBUG_INFO = INCLUDE_SOURCE;
				MTL_FAST_MATH = YES;
				ONLY_ACTIVE_ARCH = YES;
				SDKROOT = iphoneos;
				SWIFT_ACTIVE_COMPILATION_CONDITIONS = DEBUG;
				SWIFT_OPTIMIZATION_LEVEL = "-Onone";
			};
			name = Debug;
		};
		F3DB4C3228A4742200B954A0 /* Release */ = {
			isa = XCBuildConfiguration;
			buildSettings = {
				ALWAYS_SEARCH_USER_PATHS = NO;
				CLANG_ANALYZER_NONNULL = YES;
				CLANG_ANALYZER_NUMBER_OBJECT_CONVERSION = YES_AGGRESSIVE;
				CLANG_CXX_LANGUAGE_STANDARD = "gnu++17";
				CLANG_ENABLE_MODULES = YES;
				CLANG_ENABLE_OBJC_ARC = YES;
				CLANG_ENABLE_OBJC_WEAK = YES;
				CLANG_WARN_BLOCK_CAPTURE_AUTORELEASING = YES;
				CLANG_WARN_BOOL_CONVERSION = YES;
				CLANG_WARN_COMMA = YES;
				CLANG_WARN_CONSTANT_CONVERSION = YES;
				CLANG_WARN_DEPRECATED_OBJC_IMPLEMENTATIONS = YES;
				CLANG_WARN_DIRECT_OBJC_ISA_USAGE = YES_ERROR;
				CLANG_WARN_DOCUMENTATION_COMMENTS = YES;
				CLANG_WARN_EMPTY_BODY = YES;
				CLANG_WARN_ENUM_CONVERSION = YES;
				CLANG_WARN_INFINITE_RECURSION = YES;
				CLANG_WARN_INT_CONVERSION = YES;
				CLANG_WARN_NON_LITERAL_NULL_CONVERSION = YES;
				CLANG_WARN_OBJC_IMPLICIT_RETAIN_SELF = YES;
				CLANG_WARN_OBJC_LITERAL_CONVERSION = YES;
				CLANG_WARN_OBJC_ROOT_CLASS = YES_ERROR;
				CLANG_WARN_QUOTED_INCLUDE_IN_FRAMEWORK_HEADER = YES;
				CLANG_WARN_RANGE_LOOP_ANALYSIS = YES;
				CLANG_WARN_STRICT_PROTOTYPES = YES;
				CLANG_WARN_SUSPICIOUS_MOVE = YES;
				CLANG_WARN_UNGUARDED_AVAILABILITY = YES_AGGRESSIVE;
				CLANG_WARN_UNREACHABLE_CODE = YES;
				CLANG_WARN__DUPLICATE_METHOD_MATCH = YES;
				COPY_PHASE_STRIP = NO;
				DEBUG_INFORMATION_FORMAT = "dwarf-with-dsym";
				ENABLE_NS_ASSERTIONS = NO;
				ENABLE_STRICT_OBJC_MSGSEND = YES;
				GCC_C_LANGUAGE_STANDARD = gnu11;
				GCC_NO_COMMON_BLOCKS = YES;
				GCC_WARN_64_TO_32_BIT_CONVERSION = YES;
				GCC_WARN_ABOUT_RETURN_TYPE = YES_ERROR;
				GCC_WARN_UNDECLARED_SELECTOR = YES;
				GCC_WARN_UNINITIALIZED_AUTOS = YES_AGGRESSIVE;
				GCC_WARN_UNUSED_FUNCTION = YES;
				GCC_WARN_UNUSED_VARIABLE = YES;
				IPHONEOS_DEPLOYMENT_TARGET = 15.5;
				MTL_ENABLE_DEBUG_INFO = NO;
				MTL_FAST_MATH = YES;
				SDKROOT = iphoneos;
				SWIFT_COMPILATION_MODE = wholemodule;
				SWIFT_OPTIMIZATION_LEVEL = "-O";
				VALIDATE_PRODUCT = YES;
			};
			name = Release;
		};
		F3DB4C3428A4742200B954A0 /* Debug */ = {
			isa = XCBuildConfiguration;
			buildSettings = {
				ASSETCATALOG_COMPILER_APPICON_NAME = AppIcon;
				ASSETCATALOG_COMPILER_GLOBAL_ACCENT_COLOR_NAME = AccentColor;
				CODE_SIGN_STYLE = Automatic;
				CURRENT_PROJECT_VERSION = 1;
				DEVELOPMENT_ASSET_PATHS = "\"InspoBoardFirebase/Preview Content\"";
				DEVELOPMENT_TEAM = VH5XLSQ3W2;
				ENABLE_PREVIEWS = YES;
				GENERATE_INFOPLIST_FILE = YES;
				INFOPLIST_KEY_UIApplicationSceneManifest_Generation = YES;
				INFOPLIST_KEY_UIApplicationSupportsIndirectInputEvents = YES;
				INFOPLIST_KEY_UILaunchScreen_Generation = YES;
				INFOPLIST_KEY_UISupportedInterfaceOrientations_iPad = "UIInterfaceOrientationPortrait UIInterfaceOrientationPortraitUpsideDown UIInterfaceOrientationLandscapeLeft UIInterfaceOrientationLandscapeRight";
				INFOPLIST_KEY_UISupportedInterfaceOrientations_iPhone = "UIInterfaceOrientationPortrait UIInterfaceOrientationLandscapeLeft UIInterfaceOrientationLandscapeRight";
				LD_RUNPATH_SEARCH_PATHS = (
					"$(inherited)",
					"@executable_path/Frameworks",
				);
				MARKETING_VERSION = 1.0;
				PRODUCT_BUNDLE_IDENTIFIER = com.kelsey.InspoBoardFirebase;
				PRODUCT_NAME = "$(TARGET_NAME)";
				SWIFT_EMIT_LOC_STRINGS = YES;
				SWIFT_VERSION = 5.0;
				TARGETED_DEVICE_FAMILY = "1,2";
			};
			name = Debug;
		};
		F3DB4C3528A4742200B954A0 /* Release */ = {
			isa = XCBuildConfiguration;
			buildSettings = {
				ASSETCATALOG_COMPILER_APPICON_NAME = AppIcon;
				ASSETCATALOG_COMPILER_GLOBAL_ACCENT_COLOR_NAME = AccentColor;
				CODE_SIGN_STYLE = Automatic;
				CURRENT_PROJECT_VERSION = 1;
				DEVELOPMENT_ASSET_PATHS = "\"InspoBoardFirebase/Preview Content\"";
				DEVELOPMENT_TEAM = VH5XLSQ3W2;
				ENABLE_PREVIEWS = YES;
				GENERATE_INFOPLIST_FILE = YES;
				INFOPLIST_KEY_UIApplicationSceneManifest_Generation = YES;
				INFOPLIST_KEY_UIApplicationSupportsIndirectInputEvents = YES;
				INFOPLIST_KEY_UILaunchScreen_Generation = YES;
				INFOPLIST_KEY_UISupportedInterfaceOrientations_iPad = "UIInterfaceOrientationPortrait UIInterfaceOrientationPortraitUpsideDown UIInterfaceOrientationLandscapeLeft UIInterfaceOrientationLandscapeRight";
				INFOPLIST_KEY_UISupportedInterfaceOrientations_iPhone = "UIInterfaceOrientationPortrait UIInterfaceOrientationLandscapeLeft UIInterfaceOrientationLandscapeRight";
				LD_RUNPATH_SEARCH_PATHS = (
					"$(inherited)",
					"@executable_path/Frameworks",
				);
				MARKETING_VERSION = 1.0;
				PRODUCT_BUNDLE_IDENTIFIER = com.kelsey.InspoBoardFirebase;
				PRODUCT_NAME = "$(TARGET_NAME)";
				SWIFT_EMIT_LOC_STRINGS = YES;
				SWIFT_VERSION = 5.0;
				TARGETED_DEVICE_FAMILY = "1,2";
			};
			name = Release;
		};
/* End XCBuildConfiguration section */

/* Begin XCConfigurationList section */
		F3DB4C2028A4741F00B954A0 /* Build configuration list for PBXProject "InspoBoardFirebase" */ = {
			isa = XCConfigurationList;
			buildConfigurations = (
				F3DB4C3128A4742200B954A0 /* Debug */,
				F3DB4C3228A4742200B954A0 /* Release */,
			);
			defaultConfigurationIsVisible = 0;
			defaultConfigurationName = Release;
		};
		F3DB4C3328A4742200B954A0 /* Build configuration list for PBXNativeTarget "InspoBoardFirebase" */ = {
			isa = XCConfigurationList;
			buildConfigurations = (
				F3DB4C3428A4742200B954A0 /* Debug */,
				F3DB4C3528A4742200B954A0 /* Release */,
			);
			defaultConfigurationIsVisible = 0;
			defaultConfigurationName = Release;
		};
/* End XCConfigurationList section */

/* Begin XCRemoteSwiftPackageReference section */
		F3DB4C3828A4749100B954A0 /* XCRemoteSwiftPackageReference "firebase-ios-sdk" */ = {
			isa = XCRemoteSwiftPackageReference;
			repositoryURL = "https://github.com/firebase/firebase-ios-sdk";
			requirement = {
				branch = master;
				kind = branch;
			};
		};
/* End XCRemoteSwiftPackageReference section */

/* Begin XCSwiftPackageProductDependency section */
		F3DB4C3928A4749100B954A0 /* FirebaseAuth */ = {
			isa = XCSwiftPackageProductDependency;
			package = F3DB4C3828A4749100B954A0 /* XCRemoteSwiftPackageReference "firebase-ios-sdk" */;
			productName = FirebaseAuth;
		};
		F3DB4C3B28A4749100B954A0 /* FirebaseFirestore */ = {
			isa = XCSwiftPackageProductDependency;
			package = F3DB4C3828A4749100B954A0 /* XCRemoteSwiftPackageReference "firebase-ios-sdk" */;
			productName = FirebaseFirestore;
		};
		F3DB4C3D28A4749100B954A0 /* FirebaseFirestoreSwift */ = {
			isa = XCSwiftPackageProductDependency;
			package = F3DB4C3828A4749100B954A0 /* XCRemoteSwiftPackageReference "firebase-ios-sdk" */;
			productName = FirebaseFirestoreSwift;
		};
/* End XCSwiftPackageProductDependency section */
	};
	rootObject = F3DB4C1D28A4741F00B954A0 /* Project object */;
}
